
Microsoft Visual Studio Solution File, Format Version 10.00
# Visual Studio 2008
Project("{FAE04EC0-301F-11D3-BF4B-00C04F79EFBC}") = "AK.F1.Timing.Fixup", "AK.F1.Timing.Fixup.csproj", "{8F5C52B9-0B59-4C0C-9634-62796209C0B4}"
EndProject
Project("{FAE04EC0-301F-11D3-BF4B-00C04F79EFBC}") = "AK.F1.Timing", "..\..\AK.F1.Timing\src\AK.F1.Timing.csproj", "{52334AE8-7F11-404B-AD45-4519F9229F4A}"
EndProject
Global
	GlobalSection(SolutionConfigurationPlatforms) = preSolution
		Debug|Any CPU = Debug|Any CPU
		Release|Any CPU = Release|Any CPU
	EndGlobalSection
	GlobalSection(ProjectConfigurationPlatforms) = postSolution
		{8F5C52B9-0B59-4C0C-9634-62796209C0B4}.Debug|Any CPU.ActiveCfg = Debug|Any CPU
		{8F5C52B9-0B59-4C0C-9634-62796209C0B4}.Debug|Any CPU.Build.0 = Debug|Any CPU
		{8F5C52B9-0B59-4C0C-9634-62796209C0B4}.Release|Any CPU.ActiveCfg = Release|Any CPU
		{8F5C52B9-0B59-4C0C-9634-62796209C0B4}.Release|Any CPU.Build.0 = Release|Any CPU
		{52334AE8-7F11-404B-AD45-4519F9229F4A}.Debug|Any CPU.ActiveCfg = Debug|Any CPU
		{52334AE8-7F11-404B-AD45-4519F9229F4A}.Debug|Any CPU.Build.0 = Debug|Any CPU
		{52334AE8-7F11-404B-AD45-4519F9229F4A}.Release|Any CPU.ActiveCfg = Release|Any CPU
		{52334AE8-7F11-404B-AD45-4519F9229F4A}.Release|Any CPU.Build.0 = Release|Any CPU
	EndGlobalSection
	GlobalSection(SolutionProperties) = preSolution
		HideSolutionNode = FALSE
	EndGlobalSection
EndGlobal
