
Microsoft Visual Studio Solution File, Format Version 11.00
# Visual Studio 2010
Project("{FAE04EC0-301F-11D3-BF4B-00C04F79EFBC}") = "AK.F1.Timing", "..\..\AK.F1.Timing\src\AK.F1.Timing.csproj", "{52334AE8-7F11-404B-AD45-4519F9229F4A}"
EndProject
Project("{FAE04EC0-301F-11D3-BF4B-00C04F79EFBC}") = "AK.F1.Timing.Utility.Recorder", "AK.F1.Timing.Utility.Recorder.csproj", "{2EFF2D0F-D97A-445A-8CE5-4CB073872FCE}"
EndProject
Global
	GlobalSection(SolutionConfigurationPlatforms) = preSolution
		Debug|Any CPU = Debug|Any CPU
		Release|Any CPU = Release|Any CPU
	EndGlobalSection
	GlobalSection(ProjectConfigurationPlatforms) = postSolution
		{52334AE8-7F11-404B-AD45-4519F9229F4A}.Debug|Any CPU.ActiveCfg = Debug|Any CPU
		{52334AE8-7F11-404B-AD45-4519F9229F4A}.Debug|Any CPU.Build.0 = Debug|Any CPU
		{52334AE8-7F11-404B-AD45-4519F9229F4A}.Release|Any CPU.ActiveCfg = Release|Any CPU
		{52334AE8-7F11-404B-AD45-4519F9229F4A}.Release|Any CPU.Build.0 = Release|Any CPU
		{2EFF2D0F-D97A-445A-8CE5-4CB073872FCE}.Debug|Any CPU.ActiveCfg = Debug|Any CPU
		{2EFF2D0F-D97A-445A-8CE5-4CB073872FCE}.Debug|Any CPU.Build.0 = Debug|Any CPU
		{2EFF2D0F-D97A-445A-8CE5-4CB073872FCE}.Release|Any CPU.ActiveCfg = Release|Any CPU
		{2EFF2D0F-D97A-445A-8CE5-4CB073872FCE}.Release|Any CPU.Build.0 = Release|Any CPU
	EndGlobalSection
	GlobalSection(SolutionProperties) = preSolution
		HideSolutionNode = FALSE
	EndGlobalSection
	GlobalSection(ExtensibilityGlobals) = postSolution
		BuildVersion_AssemblyInfoFilename = Properties\AssemblyInfo.cs
		BuildVersion_BuildVersioningStyle = None.None.Increment.DeltaBaseYearDayOfYear
		BuildVersion_UpdateFileVersion = True
		BuildVersion_UpdateAssemblyVersion = True
	EndGlobalSection
EndGlobal
