
Microsoft Visual Studio Solution File, Format Version 10.00
# Visual Studio 2008
Project("{2150E333-8FDC-42A3-9474-1A3956D46DE8}") = "Solution Items", "Solution Items", "{48F3F22E-D201-4BB9-8B5D-BD6B2CB64B9D}"
	ProjectSection(SolutionItems) = preProject
		AK.F1.Timing.snk = AK.F1.Timing.snk
		GlobalAssemblyInfo.cs = GlobalAssemblyInfo.cs
	EndProjectSection
EndProject
Project("{2150E333-8FDC-42A3-9474-1A3956D46DE8}") = "Xunit", "Xunit", "{D1E97E29-1F3C-468F-B12B-09965CADB2CE}"
	ProjectSection(SolutionItems) = preProject
		AK.F1.Timing.Debug.xunit = AK.F1.Timing.Debug.xunit
		AK.F1.Timing.Release.xunit = AK.F1.Timing.Release.xunit
	EndProjectSection
EndProject
Project("{2150E333-8FDC-42A3-9474-1A3956D46DE8}") = "MSBuild", "MSBuild", "{1DF56C8A-50E6-4189-B7DE-D5D3AA59F310}"
	ProjectSection(SolutionItems) = preProject
		AK.F1.Timing.msbuild = AK.F1.Timing.msbuild
		GlobalAssemblyVersion.version = GlobalAssemblyVersion.version
	EndProjectSection
EndProject
Project("{FAE04EC0-301F-11D3-BF4B-00C04F79EFBC}") = "AK.F1.Timing.Test", "AK.F1.Timing\test\AK.F1.Timing.Test.csproj", "{70BA1438-6E08-48BB-86D5-9DC277671EF8}"
EndProject
Project("{FAE04EC0-301F-11D3-BF4B-00C04F79EFBC}") = "AK.F1.Timing", "AK.F1.Timing\src\AK.F1.Timing.csproj", "{52334AE8-7F11-404B-AD45-4519F9229F4A}"
EndProject
Project("{FAE04EC0-301F-11D3-BF4B-00C04F79EFBC}") = "AK.F1.Timing.Model", "AK.F1.Timing.Model\src\AK.F1.Timing.Model.csproj", "{835763CB-B1F4-4351-A414-25F2368D7493}"
EndProject
Project("{FAE04EC0-301F-11D3-BF4B-00C04F79EFBC}") = "AK.F1.Timing.Model.Test", "AK.F1.Timing.Model\test\AK.F1.Timing.Model.Test.csproj", "{92A73100-0516-45D0-B5B8-B291AE562A96}"
EndProject
Project("{FAE04EC0-301F-11D3-BF4B-00C04F79EFBC}") = "AK.F1.Timing.UI", "AK.F1.Timing.UI\src\AK.F1.Timing.UI.csproj", "{36A7BA97-3E2B-44FA-B463-7FBAA31AA201}"
EndProject
Project("{FAE04EC0-301F-11D3-BF4B-00C04F79EFBC}") = "AK.F1.Timing.Live.Recorder", "AK.F1.Timing.Live.Recorder\src\AK.F1.Timing.Live.Recorder.csproj", "{2EFF2D0F-D97A-445A-8CE5-4CB073872FCE}"
EndProject
Project("{FAE04EC0-301F-11D3-BF4B-00C04F79EFBC}") = "AK.F1.Timing.Tms.Utility", "AK.F1.Timing.Tms.Utility\src\AK.F1.Timing.Tms.Utility.csproj", "{C68A5CD3-7FD2-4FF7-8E7F-F3A7D11B6177}"
EndProject
Global
	GlobalSection(SolutionConfigurationPlatforms) = preSolution
		Debug|Any CPU = Debug|Any CPU
		Release|Any CPU = Release|Any CPU
	EndGlobalSection
	GlobalSection(ProjectConfigurationPlatforms) = postSolution
		{70BA1438-6E08-48BB-86D5-9DC277671EF8}.Debug|Any CPU.ActiveCfg = Debug|Any CPU
		{70BA1438-6E08-48BB-86D5-9DC277671EF8}.Debug|Any CPU.Build.0 = Debug|Any CPU
		{70BA1438-6E08-48BB-86D5-9DC277671EF8}.Release|Any CPU.ActiveCfg = Release|Any CPU
		{70BA1438-6E08-48BB-86D5-9DC277671EF8}.Release|Any CPU.Build.0 = Release|Any CPU
		{52334AE8-7F11-404B-AD45-4519F9229F4A}.Debug|Any CPU.ActiveCfg = Debug|Any CPU
		{52334AE8-7F11-404B-AD45-4519F9229F4A}.Debug|Any CPU.Build.0 = Debug|Any CPU
		{52334AE8-7F11-404B-AD45-4519F9229F4A}.Release|Any CPU.ActiveCfg = Release|Any CPU
		{52334AE8-7F11-404B-AD45-4519F9229F4A}.Release|Any CPU.Build.0 = Release|Any CPU
		{835763CB-B1F4-4351-A414-25F2368D7493}.Debug|Any CPU.ActiveCfg = Debug|Any CPU
		{835763CB-B1F4-4351-A414-25F2368D7493}.Debug|Any CPU.Build.0 = Debug|Any CPU
		{835763CB-B1F4-4351-A414-25F2368D7493}.Release|Any CPU.ActiveCfg = Release|Any CPU
		{835763CB-B1F4-4351-A414-25F2368D7493}.Release|Any CPU.Build.0 = Release|Any CPU
		{92A73100-0516-45D0-B5B8-B291AE562A96}.Debug|Any CPU.ActiveCfg = Debug|Any CPU
		{92A73100-0516-45D0-B5B8-B291AE562A96}.Debug|Any CPU.Build.0 = Debug|Any CPU
		{92A73100-0516-45D0-B5B8-B291AE562A96}.Release|Any CPU.ActiveCfg = Release|Any CPU
		{92A73100-0516-45D0-B5B8-B291AE562A96}.Release|Any CPU.Build.0 = Release|Any CPU
		{36A7BA97-3E2B-44FA-B463-7FBAA31AA201}.Debug|Any CPU.ActiveCfg = Debug|Any CPU
		{36A7BA97-3E2B-44FA-B463-7FBAA31AA201}.Debug|Any CPU.Build.0 = Debug|Any CPU
		{36A7BA97-3E2B-44FA-B463-7FBAA31AA201}.Release|Any CPU.ActiveCfg = Release|Any CPU
		{36A7BA97-3E2B-44FA-B463-7FBAA31AA201}.Release|Any CPU.Build.0 = Release|Any CPU
		{2EFF2D0F-D97A-445A-8CE5-4CB073872FCE}.Debug|Any CPU.ActiveCfg = Debug|Any CPU
		{2EFF2D0F-D97A-445A-8CE5-4CB073872FCE}.Debug|Any CPU.Build.0 = Debug|Any CPU
		{2EFF2D0F-D97A-445A-8CE5-4CB073872FCE}.Release|Any CPU.ActiveCfg = Release|Any CPU
		{2EFF2D0F-D97A-445A-8CE5-4CB073872FCE}.Release|Any CPU.Build.0 = Release|Any CPU
		{C68A5CD3-7FD2-4FF7-8E7F-F3A7D11B6177}.Debug|Any CPU.ActiveCfg = Debug|Any CPU
		{C68A5CD3-7FD2-4FF7-8E7F-F3A7D11B6177}.Debug|Any CPU.Build.0 = Debug|Any CPU
		{C68A5CD3-7FD2-4FF7-8E7F-F3A7D11B6177}.Release|Any CPU.ActiveCfg = Release|Any CPU
		{C68A5CD3-7FD2-4FF7-8E7F-F3A7D11B6177}.Release|Any CPU.Build.0 = Release|Any CPU
	EndGlobalSection
	GlobalSection(SolutionProperties) = preSolution
		HideSolutionNode = FALSE
	EndGlobalSection
	GlobalSection(NestedProjects) = preSolution
		{D1E97E29-1F3C-468F-B12B-09965CADB2CE} = {48F3F22E-D201-4BB9-8B5D-BD6B2CB64B9D}
		{1DF56C8A-50E6-4189-B7DE-D5D3AA59F310} = {48F3F22E-D201-4BB9-8B5D-BD6B2CB64B9D}
	EndGlobalSection
EndGlobal
